lockVersion: 2.0.0
id: 3c41c678-4c1f-4986-aa2b-76f74444c11d
management:
  docChecksum: 1caa85cfb9e407b31ab2b91e2fc27643
  docVersion: v1
  speakeasyVersion: 1.531.0
  generationVersion: 2.568.2
  releaseVersion: 0.2.0
  configChecksum: 9fa001207b9178ec7e2291bbca0ef8dc
  repoURL: https://github.com/thetradedesk/ttd-workflows-java.git
  published: true
features:
  java:
    additionalDependencies: 0.1.0
    additionalProperties: 0.0.1
    core: 3.36.3
    flattening: 2.81.1
    globalSecurity: 2.82.8
    globalSecurityCallbacks: 0.1.0
    globalSecurityFlattening: 0.1.0
    globalServerURLs: 2.82.1
    groups: 2.81.2
    nameOverrides: 2.81.3
    nullables: 0.1.0
    retries: 0.1.1
    sdkHooks: 1.0.0
generatedFiles:
  - .gitattributes
  - USAGE.md
  - build.gradle
  - docs/models/components/AdGroupAdvancedSettingsInput.md
  - docs/models/components/AdGroupAssociateBidList.md
  - docs/models/components/AdGroupAssociateBidListInput.md
  - docs/models/components/AdGroupAudienceTargeting.md
  - docs/models/components/AdGroupAudienceTargetingInput.md
  - docs/models/components/AdGroupBudget.md
  - docs/models/components/AdGroupBudgetInput.md
  - docs/models/components/AdGroupChannel.md
  - docs/models/components/AdGroupComscoreSettings.md
  - docs/models/components/AdGroupComscoreSettingsInput.md
  - docs/models/components/AdGroupContractTargeting.md
  - docs/models/components/AdGroupContractTargetingInput.md
  - docs/models/components/AdGroupFlight.md
  - docs/models/components/AdGroupFlightInput.md
  - docs/models/components/AdGroupFunnelLocation.md
  - docs/models/components/AdGroupKoaOptimizationSettings.md
  - docs/models/components/AdGroupKoaOptimizationSettingsInput.md
  - docs/models/components/AdGroupNewFrequencyConfigInput.md
  - docs/models/components/AdGroupNielsenTrackingAttributes.md
  - docs/models/components/AdGroupNielsenTrackingAttributesInput.md
  - docs/models/components/AdGroupRoiGoal.md
  - docs/models/components/AdGroupRoiGoalInput.md
  - docs/models/components/AdGroupWorkflow.md
  - docs/models/components/AllocationType.md
  - docs/models/components/BudgetWorkflow.md
  - docs/models/components/CampaignChannelType.md
  - docs/models/components/CampaignConversionReportingColumnWorkflow.md
  - docs/models/components/CampaignCreateROIGoalWorkflow.md
  - docs/models/components/CampaignCreateWorkflowAdvancedInput.md
  - docs/models/components/CampaignCreateWorkflowInput.md
  - docs/models/components/CampaignCreateWorkflowPrimaryInput.md
  - docs/models/components/CampaignCreationAdGroupInput.md
  - docs/models/components/CampaignFlightWorkflow.md
  - docs/models/components/CampaignFlightWorkflowInput.md
  - docs/models/components/CampaignPacingMode.md
  - docs/models/components/CampaignPayload.md
  - docs/models/components/CampaignVersionWorkflow.md
  - docs/models/components/CampaignWorkflow.md
  - docs/models/components/ContextualDataInput.md
  - docs/models/components/CustomCPAType.md
  - docs/models/components/CustomROASConfig.md
  - docs/models/components/DimensionalBiddingDimensions.md
  - docs/models/components/EnhancedNielsenReportingOptions.md
  - docs/models/components/GraphQLQueryInput.md
  - docs/models/components/ProblemDetails.md
  - docs/models/components/Security.md
  - docs/models/components/Seed.md
  - docs/models/components/SeedCreationInput.md
  - docs/models/components/SeedTargetingDataInput.md
  - docs/models/components/TargetingEndAge.md
  - docs/models/components/TargetingGender.md
  - docs/models/components/TargetingStartAge.md
  - docs/models/components/ThirdPartyDataInput.md
  - docs/models/components/UserError.md
  - docs/models/components/Variables.md
  - docs/models/errors/ProblemDetailsException.md
  - docs/models/operations/GetCampaignIdVersionRequest.md
  - docs/models/operations/GetCampaignIdVersionResponse.md
  - docs/models/operations/PostCampaignResponse.md
  - docs/models/operations/PostGraphqlResponse.md
  - docs/models/operations/PostGraphqlResponseBody.md
  - docs/models/operations/PostSeedResponse.md
  - docs/sdks/campaign/README.md
  - docs/sdks/graphql/README.md
  - docs/sdks/seed/README.md
  - docs/sdks/ttdworkflows/README.md
  - gradle.properties
  - gradle/wrapper/gradle-wrapper.jar
  - gradle/wrapper/gradle-wrapper.properties
  - gradlew
  - gradlew.bat
  - settings.gradle
  - src/main/java/com/thetradedesk/workflows/Campaign.java
  - src/main/java/com/thetradedesk/workflows/Graphql.java
  - src/main/java/com/thetradedesk/workflows/SDKConfiguration.java
  - src/main/java/com/thetradedesk/workflows/SecuritySource.java
  - src/main/java/com/thetradedesk/workflows/Seed.java
  - src/main/java/com/thetradedesk/workflows/TtdWorkflows.java
  - src/main/java/com/thetradedesk/workflows/models/components/AdGroupAdvancedSettingsInput.java
  - src/main/java/com/thetradedesk/workflows/models/components/AdGroupAssociateBidList.java
  - src/main/java/com/thetradedesk/workflows/models/components/AdGroupAssociateBidListInput.java
  - src/main/java/com/thetradedesk/workflows/models/components/AdGroupAudienceTargeting.java
  - src/main/java/com/thetradedesk/workflows/models/components/AdGroupAudienceTargetingInput.java
  - src/main/java/com/thetradedesk/workflows/models/components/AdGroupBudget.java
  - src/main/java/com/thetradedesk/workflows/models/components/AdGroupBudgetInput.java
  - src/main/java/com/thetradedesk/workflows/models/components/AdGroupChannel.java
  - src/main/java/com/thetradedesk/workflows/models/components/AdGroupComscoreSettings.java
  - src/main/java/com/thetradedesk/workflows/models/components/AdGroupComscoreSettingsInput.java
  - src/main/java/com/thetradedesk/workflows/models/components/AdGroupContractTargeting.java
  - src/main/java/com/thetradedesk/workflows/models/components/AdGroupContractTargetingInput.java
  - src/main/java/com/thetradedesk/workflows/models/components/AdGroupFlight.java
  - src/main/java/com/thetradedesk/workflows/models/components/AdGroupFlightInput.java
  - src/main/java/com/thetradedesk/workflows/models/components/AdGroupFunnelLocation.java
  - src/main/java/com/thetradedesk/workflows/models/components/AdGroupKoaOptimizationSettings.java
  - src/main/java/com/thetradedesk/workflows/models/components/AdGroupKoaOptimizationSettingsInput.java
  - src/main/java/com/thetradedesk/workflows/models/components/AdGroupNewFrequencyConfigInput.java
  - src/main/java/com/thetradedesk/workflows/models/components/AdGroupNielsenTrackingAttributes.java
  - src/main/java/com/thetradedesk/workflows/models/components/AdGroupNielsenTrackingAttributesInput.java
  - src/main/java/com/thetradedesk/workflows/models/components/AdGroupRoiGoal.java
  - src/main/java/com/thetradedesk/workflows/models/components/AdGroupRoiGoalInput.java
  - src/main/java/com/thetradedesk/workflows/models/components/AdGroupWorkflow.java
  - src/main/java/com/thetradedesk/workflows/models/components/AllocationType.java
  - src/main/java/com/thetradedesk/workflows/models/components/BudgetWorkflow.java
  - src/main/java/com/thetradedesk/workflows/models/components/CampaignChannelType.java
  - src/main/java/com/thetradedesk/workflows/models/components/CampaignConversionReportingColumnWorkflow.java
  - src/main/java/com/thetradedesk/workflows/models/components/CampaignCreateROIGoalWorkflow.java
  - src/main/java/com/thetradedesk/workflows/models/components/CampaignCreateWorkflowAdvancedInput.java
  - src/main/java/com/thetradedesk/workflows/models/components/CampaignCreateWorkflowInput.java
  - src/main/java/com/thetradedesk/workflows/models/components/CampaignCreateWorkflowPrimaryInput.java
  - src/main/java/com/thetradedesk/workflows/models/components/CampaignCreationAdGroupInput.java
  - src/main/java/com/thetradedesk/workflows/models/components/CampaignFlightWorkflow.java
  - src/main/java/com/thetradedesk/workflows/models/components/CampaignFlightWorkflowInput.java
  - src/main/java/com/thetradedesk/workflows/models/components/CampaignPacingMode.java
  - src/main/java/com/thetradedesk/workflows/models/components/CampaignPayload.java
  - src/main/java/com/thetradedesk/workflows/models/components/CampaignVersionWorkflow.java
  - src/main/java/com/thetradedesk/workflows/models/components/CampaignWorkflow.java
  - src/main/java/com/thetradedesk/workflows/models/components/ContextualDataInput.java
  - src/main/java/com/thetradedesk/workflows/models/components/CustomCPAType.java
  - src/main/java/com/thetradedesk/workflows/models/components/CustomROASConfig.java
  - src/main/java/com/thetradedesk/workflows/models/components/DimensionalBiddingDimensions.java
  - src/main/java/com/thetradedesk/workflows/models/components/EnhancedNielsenReportingOptions.java
  - src/main/java/com/thetradedesk/workflows/models/components/GraphQLQueryInput.java
  - src/main/java/com/thetradedesk/workflows/models/components/ProblemDetails.java
  - src/main/java/com/thetradedesk/workflows/models/components/Security.java
  - src/main/java/com/thetradedesk/workflows/models/components/Seed.java
  - src/main/java/com/thetradedesk/workflows/models/components/SeedCreationInput.java
  - src/main/java/com/thetradedesk/workflows/models/components/SeedTargetingDataInput.java
  - src/main/java/com/thetradedesk/workflows/models/components/TargetingEndAge.java
  - src/main/java/com/thetradedesk/workflows/models/components/TargetingGender.java
  - src/main/java/com/thetradedesk/workflows/models/components/TargetingStartAge.java
  - src/main/java/com/thetradedesk/workflows/models/components/ThirdPartyDataInput.java
  - src/main/java/com/thetradedesk/workflows/models/components/UserError.java
  - src/main/java/com/thetradedesk/workflows/models/components/Variables.java
  - src/main/java/com/thetradedesk/workflows/models/errors/APIException.java
  - src/main/java/com/thetradedesk/workflows/models/errors/AuthException.java
  - src/main/java/com/thetradedesk/workflows/models/errors/ProblemDetailsException.java
  - src/main/java/com/thetradedesk/workflows/models/operations/GetCampaignIdVersionRequest.java
  - src/main/java/com/thetradedesk/workflows/models/operations/GetCampaignIdVersionRequestBuilder.java
  - src/main/java/com/thetradedesk/workflows/models/operations/GetCampaignIdVersionResponse.java
  - src/main/java/com/thetradedesk/workflows/models/operations/PostCampaignRequestBuilder.java
  - src/main/java/com/thetradedesk/workflows/models/operations/PostCampaignResponse.java
  - src/main/java/com/thetradedesk/workflows/models/operations/PostGraphqlRequestBuilder.java
  - src/main/java/com/thetradedesk/workflows/models/operations/PostGraphqlResponse.java
  - src/main/java/com/thetradedesk/workflows/models/operations/PostGraphqlResponseBody.java
  - src/main/java/com/thetradedesk/workflows/models/operations/PostSeedRequestBuilder.java
  - src/main/java/com/thetradedesk/workflows/models/operations/PostSeedResponse.java
  - src/main/java/com/thetradedesk/workflows/models/operations/SDKMethodInterfaces.java
  - src/main/java/com/thetradedesk/workflows/utils/BackoffStrategy.java
  - src/main/java/com/thetradedesk/workflows/utils/BigDecimalString.java
  - src/main/java/com/thetradedesk/workflows/utils/BigIntegerString.java
  - src/main/java/com/thetradedesk/workflows/utils/Constants.java
  - src/main/java/com/thetradedesk/workflows/utils/Deserializers.java
  - src/main/java/com/thetradedesk/workflows/utils/EventStream.java
  - src/main/java/com/thetradedesk/workflows/utils/EventStreamLineReader.java
  - src/main/java/com/thetradedesk/workflows/utils/EventStreamMessage.java
  - src/main/java/com/thetradedesk/workflows/utils/EventStreamReader.java
  - src/main/java/com/thetradedesk/workflows/utils/FormMetadata.java
  - src/main/java/com/thetradedesk/workflows/utils/HTTPClient.java
  - src/main/java/com/thetradedesk/workflows/utils/HTTPRequest.java
  - src/main/java/com/thetradedesk/workflows/utils/HasSecurity.java
  - src/main/java/com/thetradedesk/workflows/utils/HeaderMetadata.java
  - src/main/java/com/thetradedesk/workflows/utils/Helpers.java
  - src/main/java/com/thetradedesk/workflows/utils/Hook.java
  - src/main/java/com/thetradedesk/workflows/utils/Hooks.java
  - src/main/java/com/thetradedesk/workflows/utils/JSON.java
  - src/main/java/com/thetradedesk/workflows/utils/LazySingletonValue.java
  - src/main/java/com/thetradedesk/workflows/utils/Metadata.java
  - src/main/java/com/thetradedesk/workflows/utils/Multipart.java
  - src/main/java/com/thetradedesk/workflows/utils/MultipartFormMetadata.java
  - src/main/java/com/thetradedesk/workflows/utils/NameValue.java
  - src/main/java/com/thetradedesk/workflows/utils/OneOfDeserializer.java
  - src/main/java/com/thetradedesk/workflows/utils/Options.java
  - src/main/java/com/thetradedesk/workflows/utils/PathParamsMetadata.java
  - src/main/java/com/thetradedesk/workflows/utils/QueryEncoding.java
  - src/main/java/com/thetradedesk/workflows/utils/QueryParameter.java
  - src/main/java/com/thetradedesk/workflows/utils/QueryParameters.java
  - src/main/java/com/thetradedesk/workflows/utils/QueryParamsMetadata.java
  - src/main/java/com/thetradedesk/workflows/utils/RecordingClient.java
  - src/main/java/com/thetradedesk/workflows/utils/RequestBody.java
  - src/main/java/com/thetradedesk/workflows/utils/RequestMetadata.java
  - src/main/java/com/thetradedesk/workflows/utils/Response.java
  - src/main/java/com/thetradedesk/workflows/utils/Retries.java
  - src/main/java/com/thetradedesk/workflows/utils/RetryConfig.java
  - src/main/java/com/thetradedesk/workflows/utils/Security.java
  - src/main/java/com/thetradedesk/workflows/utils/SecurityMetadata.java
  - src/main/java/com/thetradedesk/workflows/utils/SerializedBody.java
  - src/main/java/com/thetradedesk/workflows/utils/SessionManager.java
  - src/main/java/com/thetradedesk/workflows/utils/SpeakeasyHTTPClient.java
  - src/main/java/com/thetradedesk/workflows/utils/SpeakeasyMetadata.java
  - src/main/java/com/thetradedesk/workflows/utils/TypedObject.java
  - src/main/java/com/thetradedesk/workflows/utils/Types.java
  - src/main/java/com/thetradedesk/workflows/utils/Utf8UrlEncoder.java
  - src/main/java/com/thetradedesk/workflows/utils/Utils.java
examples:
  post_/campaign:
    speakeasy-default-post-/campaign:
      responses:
        "201":
          application/json: {}
        "400":
          application/json: {"key": {}, "key1": {}}
  get_/campaign/{id}/version:
    speakeasy-default-get-/campaign/{id}/version:
      parameters:
        path:
          id: "<id>"
      responses:
        "200":
          application/json: {}
        "400":
          application/json: {"key": {}, "key1": {}}
  post_/graphql:
    speakeasy-default-post-/graphql:
      responses:
        "200":
          application/json: {}
        "400":
          application/json: {"key": {}}
  post_/seed:
    speakeasy-default-post-/seed:
      responses:
        "201":
          application/json: {"id": 486589, "seedName": "<value>", "advertiserId": "<id>"}
        "400":
          application/json: {"key": {}, "key1": {}}
examplesVersion: 1.0.1
generatedTests: {}
