speakeasyVersion: 1.531.0
sources:
    Workflows API:
        sourceNamespace: workflows-api
        sourceRevisionDigest: sha256:bdd00da61c3191806b88ed779244845da9089a8e2bcbb95cbafc59cec44f0991
        sourceBlobDigest: sha256:876a590ab30d1cf0b16303a0659567d02023632dacd699ecc9790f0776b31e5f
        tags:
            - latest
            - speakeasy-sdk-regen-1746484614
            - v1
targets:
    ttd-workflows:
        source: Workflows API
        sourceNamespace: workflows-api
        sourceRevisionDigest: sha256:bdd00da61c3191806b88ed779244845da9089a8e2bcbb95cbafc59cec44f0991
        sourceBlobDigest: sha256:876a590ab30d1cf0b16303a0659567d02023632dacd699ecc9790f0776b31e5f
        codeSamplesNamespace: workflows-api-java-code-samples
        codeSamplesRevisionDigest: sha256:19a93eee386449f24e0da9033e41a1a85da70a12a5efd54a7ec510b5eb4f51db
workflow:
    workflowVersion: 1.0.0
    speakeasyVersion: v1.531.0
    sources:
        Workflows API:
            inputs:
                - location: ./api_spec.yaml
            overlays:
                - location: .speakeasy/speakeasy-modifications-overlay.yaml
            registry:
                location: registry.speakeasyapi.dev/thetradedesk/workflows/workflows-api
    targets:
        ttd-workflows:
            target: java
            source: Workflows API
            publish:
                java:
                    ossrhUsername: $ossrh_username
                    ossrhPassword: $ossrh_password
                    gpgSecretKey: $java_gpg_secret_key
                    gpgPassPhrase: $java_gpg_passphrase
            codeSamples:
                registry:
                    location: registry.speakeasyapi.dev/thetradedesk/workflows/workflows-api-java-code-samples
                labelOverride:
                    fixedValue: Java (SDK)
                blocking: false
