speakeasyVersion: 1.531.0
sources:
    Workflows API:
        sourceNamespace: workflows-api
        sourceRevisionDigest: sha256:9e8509ae295a86fa984775b82c0f940fcd6da5c2732059dc9550ca7284e15148
        sourceBlobDigest: sha256:6dfe7ed10721e2c9a1523d4c4804c70d01147965a70b0501eaee1d9fef708a67
        tags:
            - latest
            - v1
targets:
    ttd-workflows:
        source: Workflows API
        sourceNamespace: workflows-api
        sourceRevisionDigest: sha256:9e8509ae295a86fa984775b82c0f940fcd6da5c2732059dc9550ca7284e15148
        sourceBlobDigest: sha256:6dfe7ed10721e2c9a1523d4c4804c70d01147965a70b0501eaee1d9fef708a67
        codeSamplesNamespace: workflows-api-java-code-samples
        codeSamplesRevisionDigest: sha256:e4937d90814034b00224cd2716242354a53e08eee96cce0833de6b56fb6d4c69
workflow:
    workflowVersion: 1.0.0
    speakeasyVersion: v1.531.0
    sources:
        Workflows API:
            inputs:
                - location: ./api_spec.yaml
            overlays:
                - location: .speakeasy/speakeasy-modifications-overlay.yaml
            registry:
                location: registry.speakeasyapi.dev/thetradedesk/workflows/workflows-api
    targets:
        ttd-workflows:
            target: java
            source: Workflows API
            publish:
                java:
                    ossrhUsername: $ossrh_username
                    ossrhPassword: $ossrh_password
                    gpgSecretKey: $java_gpg_secret_key
                    gpgPassPhrase: $java_gpg_passphrase
            codeSamples:
                registry:
                    location: registry.speakeasyapi.dev/thetradedesk/workflows/workflows-api-java-code-samples
                labelOverride:
                    fixedValue: Java (SDK)
                blocking: false
